PODS:
  - "!ProtoCompiler (3.6.0)":
    - Protobuf (~> 3.0)
  - Flutter (1.0.0)
  - flutter_blue (0.0.1):
    - "!ProtoCompiler"
    - Flutter
    - flutter_blue/Protos (= 0.0.1)
  - flutter_blue/Protos (0.0.1):
    - "!ProtoCompiler"
    - Flutter
    - Protobuf
  - Protobuf (3.6.1)
  - sensors (0.0.1):
    - Flutter

DEPENDENCIES:
  - Flutter (from `.symlinks/flutter/ios`)
  - flutter_blue (from `.symlinks/plugins/flutter_blue/ios`)
  - sensors (from `.symlinks/plugins/sensors/ios`)

SPEC REPOS:
  https://github.com/cocoapods/specs.git:
    - "!ProtoCompiler"
    - Protobuf

EXTERNAL SOURCES:
  Flutter:
    :path: ".symlinks/flutter/ios"
  flutter_blue:
    :path: ".symlinks/plugins/flutter_blue/ios"
  sensors:
    :path: ".symlinks/plugins/sensors/ios"

SPEC CHECKSUMS:
  "!ProtoCompiler": c9526df99fafd398a393def617ae18d3774b7232
  Flutter: 58dd7d1b27887414a370fcccb9e645c08ffd7a6a
  flutter_blue: 8d809005879b0b3fda5a6a5125f0c66a5ca7aa1a
  Protobuf: 1eb9700044745f00181c136ef21b8ff3ad5a0fd5
  sensors: b5c565b45237fd2df1c347c14bf5ceeffdb7a2be

PODFILE CHECKSUM: ebd43b443038e611b86ede96e613bd6033c49497

COCOAPODS: 1.6.1
